
Microsoft Visual Studio Solution File, Format Version 12.00
# Visual Studio Version 17
VisualStudioVersion = 17.1.32421.90
MinimumVisualStudioVersion = 10.0.40219.1
Project("{FAE04EC0-301F-11D3-BF4B-00C04F79EFBC}") = "Test1", "Test1\Test1.csproj", "{EB29AA74-BC82-4895-B65E-608A8BA2A370}"
EndProject
Global
	GlobalSection(SolutionConfigurationPlatforms) = preSolution
		Debug|Any CPU = Debug|Any CPU
		Release|Any CPU = Release|Any CPU
	EndGlobalSection
	GlobalSection(ProjectConfigurationPlatforms) = postSolution
		{EB29AA74-BC82-4895-B65E-608A8BA2A370}.Debug|Any CPU.ActiveCfg = Debug|Any CPU
		{EB29AA74-BC82-4895-B65E-608A8BA2A370}.Debug|Any CPU.Build.0 = Debug|Any CPU
		{EB29AA74-BC82-4895-B65E-608A8BA2A370}.Release|Any CPU.ActiveCfg = Release|Any CPU
		{EB29AA74-BC82-4895-B65E-608A8BA2A370}.Release|Any CPU.Build.0 = Release|Any CPU
	EndGlobalSection
	GlobalSection(SolutionProperties) = preSolution
		HideSolutionNode = FALSE
	EndGlobalSection
	GlobalSection(ExtensibilityGlobals) = postSolution
		SolutionGuid = {6419A592-29F6-4F0B-BB04-831E10CD3AE0}
	EndGlobalSection
EndGlobal
